PODS:
  - arkit_plugin (0.0.1):
    - Flutter
    - GLTFSceneKit
  - Flutter (1.0.0)
  - GLTFSceneKit (0.3.0)

DEPENDENCIES:
  - arkit_plugin (from `.symlinks/plugins/arkit_plugin/ios`)
  - Flutter (from `Flutter`)

SPEC REPOS:
  trunk:
    - GLTFSceneKit

EXTERNAL SOURCES:
  arkit_plugin:
    :path: ".symlinks/plugins/arkit_plugin/ios"
  Flutter:
    :path: Flutter

SPEC CHECKSUMS:
  arkit_plugin: 82331267ea3c39ff432223c1ecf38d818b4897ba
  Flutter: cabc95a1d2626b1b06e7179b784ebcf0c0cde467
  GLTFSceneKit: d1b437c514ba2aed5555afb0fddd64e030612d57

PODFILE CHECKSUM: 915e58fd71f05ae99fabdd8ac2991c68108b3464

COCOAPODS: 1.16.2
